
Microsoft Visual Studio Solution File, Format Version 12.00
# Visual Studio Version 17
VisualStudioVersion = 17.0.32126.317
MinimumVisualStudioVersion = 10.0.40219.1
Project("{9A19103F-16F7-4668-BE54-9A1E7A4F7556}") = "OddPair", "ExamplesAlgorithm\OddPair.csproj", "{45C4D6F5-8409-4A43-8E44-99975AD36A86}"
EndProject
Project("{9A19103F-16F7-4668-BE54-9A1E7A4F7556}") = "AverageCalculation", "AverageCalculation\AverageCalculation.csproj", "{5B5449E0-C2F1-43F6-909A-EED72CE4622E}"
EndProject
Project("{9A19103F-16F7-4668-BE54-9A1E7A4F7556}") = "MathematicalOperation", "MathematicalOperation\MathematicalOperation.csproj", "{F990C802-FEAD-48EE-BB50-AE34D303BAC8}"
EndProject
Project("{9A19103F-16F7-4668-BE54-9A1E7A4F7556}") = "CircleArea", "CircleArea\CircleArea.csproj", "{E3FE6BDE-D807-42AD-8FB8-667C3A1664E3}"
EndProject
Project("{9A19103F-16F7-4668-BE54-9A1E7A4F7556}") = "TriangleType", "TriangleType\TriangleType.csproj", "{13EF04EA-ED55-4EED-876E-D67E28FCF012}"
EndProject
Project("{9A19103F-16F7-4668-BE54-9A1E7A4F7556}") = "IdealWeight", "IdealWeight\IdealWeight.csproj", "{D379E263-73F0-442F-868D-F1EA5A1C329A}"
EndProject
Project("{9A19103F-16F7-4668-BE54-9A1E7A4F7556}") = "SalaryReadjustment", "SalaryReadjustment\SalaryReadjustment.csproj", "{569F0F4D-0B84-4736-82F4-65AEB4711D66}"
EndProject
Project("{9A19103F-16F7-4668-BE54-9A1E7A4F7556}") = "FactorialCalculation", "FactorialCalculation\FactorialCalculation.csproj", "{36C0B295-4569-4F21-87F3-6748D2442D67}"
EndProject
Project("{9A19103F-16F7-4668-BE54-9A1E7A4F7556}") = "Division", "Division\Division.csproj", "{CBCA2483-1121-48DC-BF1E-EC2B391F801B}"
EndProject
Project("{9A19103F-16F7-4668-BE54-9A1E7A4F7556}") = "CountVowels", "CountVowels\CountVowels.csproj", "{5B419A78-114F-4C99-8464-BAF75091C99B}"
EndProject
Project("{9A19103F-16F7-4668-BE54-9A1E7A4F7556}") = "KeyboardKey", "KeyboardKey\KeyboardKey.csproj", "{F93CE896-8377-488F-813A-053F8904BEC2}"
EndProject
Project("{9A19103F-16F7-4668-BE54-9A1E7A4F7556}") = "Menu", "Menu\Menu.csproj", "{99786202-BDA0-41FF-8451-42E8B4AB6070}"
EndProject
Project("{2150E333-8FDC-42A3-9474-1A3956D46DE8}") = "Exercises", "Exercises", "{FB2390B9-4BC2-4D9D-8438-A5C0A8118CDF}"
EndProject
Project("{9A19103F-16F7-4668-BE54-9A1E7A4F7556}") = "HighestLowestNumber", "HighestLowestNumber\HighestLowestNumber.csproj", "{4FE1188A-A4D9-4CC3-85AF-3444EA060C63}"
EndProject
Project("{9A19103F-16F7-4668-BE54-9A1E7A4F7556}") = "MultiplicationTable", "MultiplicationTable\MultiplicationTable.csproj", "{6EE2ADC7-EEF0-40B6-B3DE-1CDB763C3DD4}"
EndProject
Project("{9A19103F-16F7-4668-BE54-9A1E7A4F7556}") = "OddEvenSum", "OddEvenSum\OddEvenSum.csproj", "{FB70A7C3-34BB-4008-96FC-17DC8E951455}"
EndProject
Project("{9A19103F-16F7-4668-BE54-9A1E7A4F7556}") = "PrimeNumberCalculator", "PrimeNumberCalculator\PrimeNumberCalculator.csproj", "{F83298EC-0677-4A40-B641-E699A85F7F49}"
EndProject
Project("{9A19103F-16F7-4668-BE54-9A1E7A4F7556}") = "Fibonacci", "Fibonacci\Fibonacci.csproj", "{9F875350-A255-4642-8689-0170738D42FE}"
EndProject
Project("{9A19103F-16F7-4668-BE54-9A1E7A4F7556}") = "CalculationDates", "CalculationDates\CalculationDates.csproj", "{50CFC24D-2234-4260-AD36-D88DAD74DE6A}"
EndProject
Project("{FAE04EC0-301F-11D3-BF4B-00C04F79EFBC}") = "Factorial", "Factorial\Factorial.csproj", "{C0150DB5-6ED8-4E66-96C0-F4E593AE48B8}"
EndProject
Project("{FAE04EC0-301F-11D3-BF4B-00C04F79EFBC}") = "SortNumbers", "SortNumbers\SortNumbers.csproj", "{5FDF589F-46C5-44C7-AD09-4B03FAA77F7D}"
EndProject
Global
	GlobalSection(SolutionConfigurationPlatforms) = preSolution
		Debug|Any CPU = Debug|Any CPU
		Release|Any CPU = Release|Any CPU
	EndGlobalSection
	GlobalSection(ProjectConfigurationPlatforms) = postSolution
		{45C4D6F5-8409-4A43-8E44-99975AD36A86}.Debug|Any CPU.ActiveCfg = Debug|Any CPU
		{45C4D6F5-8409-4A43-8E44-99975AD36A86}.Debug|Any CPU.Build.0 = Debug|Any CPU
		{45C4D6F5-8409-4A43-8E44-99975AD36A86}.Release|Any CPU.ActiveCfg = Release|Any CPU
		{45C4D6F5-8409-4A43-8E44-99975AD36A86}.Release|Any CPU.Build.0 = Release|Any CPU
		{5B5449E0-C2F1-43F6-909A-EED72CE4622E}.Debug|Any CPU.ActiveCfg = Debug|Any CPU
		{5B5449E0-C2F1-43F6-909A-EED72CE4622E}.Debug|Any CPU.Build.0 = Debug|Any CPU
		{5B5449E0-C2F1-43F6-909A-EED72CE4622E}.Release|Any CPU.ActiveCfg = Release|Any CPU
		{5B5449E0-C2F1-43F6-909A-EED72CE4622E}.Release|Any CPU.Build.0 = Release|Any CPU
		{F990C802-FEAD-48EE-BB50-AE34D303BAC8}.Debug|Any CPU.ActiveCfg = Debug|Any CPU
		{F990C802-FEAD-48EE-BB50-AE34D303BAC8}.Debug|Any CPU.Build.0 = Debug|Any CPU
		{F990C802-FEAD-48EE-BB50-AE34D303BAC8}.Release|Any CPU.ActiveCfg = Release|Any CPU
		{F990C802-FEAD-48EE-BB50-AE34D303BAC8}.Release|Any CPU.Build.0 = Release|Any CPU
		{E3FE6BDE-D807-42AD-8FB8-667C3A1664E3}.Debug|Any CPU.ActiveCfg = Debug|Any CPU
		{E3FE6BDE-D807-42AD-8FB8-667C3A1664E3}.Debug|Any CPU.Build.0 = Debug|Any CPU
		{E3FE6BDE-D807-42AD-8FB8-667C3A1664E3}.Release|Any CPU.ActiveCfg = Release|Any CPU
		{E3FE6BDE-D807-42AD-8FB8-667C3A1664E3}.Release|Any CPU.Build.0 = Release|Any CPU
		{13EF04EA-ED55-4EED-876E-D67E28FCF012}.Debug|Any CPU.ActiveCfg = Debug|Any CPU
		{13EF04EA-ED55-4EED-876E-D67E28FCF012}.Debug|Any CPU.Build.0 = Debug|Any CPU
		{13EF04EA-ED55-4EED-876E-D67E28FCF012}.Release|Any CPU.ActiveCfg = Release|Any CPU
		{13EF04EA-ED55-4EED-876E-D67E28FCF012}.Release|Any CPU.Build.0 = Release|Any CPU
		{D379E263-73F0-442F-868D-F1EA5A1C329A}.Debug|Any CPU.ActiveCfg = Debug|Any CPU
		{D379E263-73F0-442F-868D-F1EA5A1C329A}.Debug|Any CPU.Build.0 = Debug|Any CPU
		{D379E263-73F0-442F-868D-F1EA5A1C329A}.Release|Any CPU.ActiveCfg = Release|Any CPU
		{D379E263-73F0-442F-868D-F1EA5A1C329A}.Release|Any CPU.Build.0 = Release|Any CPU
		{569F0F4D-0B84-4736-82F4-65AEB4711D66}.Debug|Any CPU.ActiveCfg = Debug|Any CPU
		{569F0F4D-0B84-4736-82F4-65AEB4711D66}.Debug|Any CPU.Build.0 = Debug|Any CPU
		{569F0F4D-0B84-4736-82F4-65AEB4711D66}.Release|Any CPU.ActiveCfg = Release|Any CPU
		{569F0F4D-0B84-4736-82F4-65AEB4711D66}.Release|Any CPU.Build.0 = Release|Any CPU
		{36C0B295-4569-4F21-87F3-6748D2442D67}.Debug|Any CPU.ActiveCfg = Debug|Any CPU
		{36C0B295-4569-4F21-87F3-6748D2442D67}.Debug|Any CPU.Build.0 = Debug|Any CPU
		{36C0B295-4569-4F21-87F3-6748D2442D67}.Release|Any CPU.ActiveCfg = Release|Any CPU
		{36C0B295-4569-4F21-87F3-6748D2442D67}.Release|Any CPU.Build.0 = Release|Any CPU
		{CBCA2483-1121-48DC-BF1E-EC2B391F801B}.Debug|Any CPU.ActiveCfg = Debug|Any CPU
		{CBCA2483-1121-48DC-BF1E-EC2B391F801B}.Debug|Any CPU.Build.0 = Debug|Any CPU
		{CBCA2483-1121-48DC-BF1E-EC2B391F801B}.Release|Any CPU.ActiveCfg = Release|Any CPU
		{CBCA2483-1121-48DC-BF1E-EC2B391F801B}.Release|Any CPU.Build.0 = Release|Any CPU
		{5B419A78-114F-4C99-8464-BAF75091C99B}.Debug|Any CPU.ActiveCfg = Debug|Any CPU
		{5B419A78-114F-4C99-8464-BAF75091C99B}.Debug|Any CPU.Build.0 = Debug|Any CPU
		{5B419A78-114F-4C99-8464-BAF75091C99B}.Release|Any CPU.ActiveCfg = Release|Any CPU
		{5B419A78-114F-4C99-8464-BAF75091C99B}.Release|Any CPU.Build.0 = Release|Any CPU
		{F93CE896-8377-488F-813A-053F8904BEC2}.Debug|Any CPU.ActiveCfg = Debug|Any CPU
		{F93CE896-8377-488F-813A-053F8904BEC2}.Debug|Any CPU.Build.0 = Debug|Any CPU
		{F93CE896-8377-488F-813A-053F8904BEC2}.Release|Any CPU.ActiveCfg = Release|Any CPU
		{F93CE896-8377-488F-813A-053F8904BEC2}.Release|Any CPU.Build.0 = Release|Any CPU
		{99786202-BDA0-41FF-8451-42E8B4AB6070}.Debug|Any CPU.ActiveCfg = Debug|Any CPU
		{99786202-BDA0-41FF-8451-42E8B4AB6070}.Debug|Any CPU.Build.0 = Debug|Any CPU
		{99786202-BDA0-41FF-8451-42E8B4AB6070}.Release|Any CPU.ActiveCfg = Release|Any CPU
		{99786202-BDA0-41FF-8451-42E8B4AB6070}.Release|Any CPU.Build.0 = Release|Any CPU
		{4FE1188A-A4D9-4CC3-85AF-3444EA060C63}.Debug|Any CPU.ActiveCfg = Debug|Any CPU
		{4FE1188A-A4D9-4CC3-85AF-3444EA060C63}.Debug|Any CPU.Build.0 = Debug|Any CPU
		{4FE1188A-A4D9-4CC3-85AF-3444EA060C63}.Release|Any CPU.ActiveCfg = Release|Any CPU
		{4FE1188A-A4D9-4CC3-85AF-3444EA060C63}.Release|Any CPU.Build.0 = Release|Any CPU
		{6EE2ADC7-EEF0-40B6-B3DE-1CDB763C3DD4}.Debug|Any CPU.ActiveCfg = Debug|Any CPU
		{6EE2ADC7-EEF0-40B6-B3DE-1CDB763C3DD4}.Debug|Any CPU.Build.0 = Debug|Any CPU
		{6EE2ADC7-EEF0-40B6-B3DE-1CDB763C3DD4}.Release|Any CPU.ActiveCfg = Release|Any CPU
		{6EE2ADC7-EEF0-40B6-B3DE-1CDB763C3DD4}.Release|Any CPU.Build.0 = Release|Any CPU
		{FB70A7C3-34BB-4008-96FC-17DC8E951455}.Debug|Any CPU.ActiveCfg = Debug|Any CPU
		{FB70A7C3-34BB-4008-96FC-17DC8E951455}.Debug|Any CPU.Build.0 = Debug|Any CPU
		{FB70A7C3-34BB-4008-96FC-17DC8E951455}.Release|Any CPU.ActiveCfg = Release|Any CPU
		{FB70A7C3-34BB-4008-96FC-17DC8E951455}.Release|Any CPU.Build.0 = Release|Any CPU
		{F83298EC-0677-4A40-B641-E699A85F7F49}.Debug|Any CPU.ActiveCfg = Debug|Any CPU
		{F83298EC-0677-4A40-B641-E699A85F7F49}.Debug|Any CPU.Build.0 = Debug|Any CPU
		{F83298EC-0677-4A40-B641-E699A85F7F49}.Release|Any CPU.ActiveCfg = Release|Any CPU
		{F83298EC-0677-4A40-B641-E699A85F7F49}.Release|Any CPU.Build.0 = Release|Any CPU
		{9F875350-A255-4642-8689-0170738D42FE}.Debug|Any CPU.ActiveCfg = Debug|Any CPU
		{9F875350-A255-4642-8689-0170738D42FE}.Debug|Any CPU.Build.0 = Debug|Any CPU
		{9F875350-A255-4642-8689-0170738D42FE}.Release|Any CPU.ActiveCfg = Release|Any CPU
		{9F875350-A255-4642-8689-0170738D42FE}.Release|Any CPU.Build.0 = Release|Any CPU
		{50CFC24D-2234-4260-AD36-D88DAD74DE6A}.Debug|Any CPU.ActiveCfg = Debug|Any CPU
		{50CFC24D-2234-4260-AD36-D88DAD74DE6A}.Debug|Any CPU.Build.0 = Debug|Any CPU
		{50CFC24D-2234-4260-AD36-D88DAD74DE6A}.Release|Any CPU.ActiveCfg = Release|Any CPU
		{50CFC24D-2234-4260-AD36-D88DAD74DE6A}.Release|Any CPU.Build.0 = Release|Any CPU
		{C0150DB5-6ED8-4E66-96C0-F4E593AE48B8}.Debug|Any CPU.ActiveCfg = Debug|Any CPU
		{C0150DB5-6ED8-4E66-96C0-F4E593AE48B8}.Debug|Any CPU.Build.0 = Debug|Any CPU
		{C0150DB5-6ED8-4E66-96C0-F4E593AE48B8}.Release|Any CPU.ActiveCfg = Release|Any CPU
		{C0150DB5-6ED8-4E66-96C0-F4E593AE48B8}.Release|Any CPU.Build.0 = Release|Any CPU
		{5FDF589F-46C5-44C7-AD09-4B03FAA77F7D}.Debug|Any CPU.ActiveCfg = Debug|Any CPU
		{5FDF589F-46C5-44C7-AD09-4B03FAA77F7D}.Debug|Any CPU.Build.0 = Debug|Any CPU
		{5FDF589F-46C5-44C7-AD09-4B03FAA77F7D}.Release|Any CPU.ActiveCfg = Release|Any CPU
		{5FDF589F-46C5-44C7-AD09-4B03FAA77F7D}.Release|Any CPU.Build.0 = Release|Any CPU
	EndGlobalSection
	GlobalSection(SolutionProperties) = preSolution
		HideSolutionNode = FALSE
	EndGlobalSection
	GlobalSection(NestedProjects) = preSolution
		{4FE1188A-A4D9-4CC3-85AF-3444EA060C63} = {FB2390B9-4BC2-4D9D-8438-A5C0A8118CDF}
		{6EE2ADC7-EEF0-40B6-B3DE-1CDB763C3DD4} = {FB2390B9-4BC2-4D9D-8438-A5C0A8118CDF}
		{FB70A7C3-34BB-4008-96FC-17DC8E951455} = {FB2390B9-4BC2-4D9D-8438-A5C0A8118CDF}
		{F83298EC-0677-4A40-B641-E699A85F7F49} = {FB2390B9-4BC2-4D9D-8438-A5C0A8118CDF}
		{9F875350-A255-4642-8689-0170738D42FE} = {FB2390B9-4BC2-4D9D-8438-A5C0A8118CDF}
		{50CFC24D-2234-4260-AD36-D88DAD74DE6A} = {FB2390B9-4BC2-4D9D-8438-A5C0A8118CDF}
		{C0150DB5-6ED8-4E66-96C0-F4E593AE48B8} = {FB2390B9-4BC2-4D9D-8438-A5C0A8118CDF}
		{5FDF589F-46C5-44C7-AD09-4B03FAA77F7D} = {FB2390B9-4BC2-4D9D-8438-A5C0A8118CDF}
	EndGlobalSection
	GlobalSection(ExtensibilityGlobals) = postSolution
		SolutionGuid = {AD55957A-2322-4970-9751-FC568C30A9F1}
	EndGlobalSection
EndGlobal
